
Microsoft Visual Studio Solution File, Format Version 12.00
# Visual Studio Version 16
VisualStudioVersion = 16.0.31911.196
MinimumVisualStudioVersion = 10.0.40219.1
Project("{9A19103F-16F7-4668-BE54-9A1E7A4F7556}") = "SimpleBinding", "SimpleBinding\SimpleBinding.csproj", "{DB5FFF0F-A953-45BD-B703-72C1B5626A4F}"
EndProject
Project("{9A19103F-16F7-4668-BE54-9A1E7A4F7556}") = "MiniEditor", "MiniEditor\MiniEditor.csproj", "{5429B0A1-5E2B-421B-9BAE-F8AF35ADE2E0}"
EndProject
Project("{9A19103F-16F7-4668-BE54-9A1E7A4F7556}") = "NotifyPropChanged", "NotifyPropChanged\NotifyPropChanged.csproj", "{791522E4-11E6-4D4A-829F-8A6F33A30C5F}"
EndProject
Project("{FAE04EC0-301F-11D3-BF4B-00C04F79EFBC}") = "ObservableCollection", "ObservableCollection\ObservableCollection.csproj", "{4D0A31D1-ABF2-476D-81C3-980145358AE0}"
EndProject
Global
	GlobalSection(SolutionConfigurationPlatforms) = preSolution
		Debug|Any CPU = Debug|Any CPU
		Release|Any CPU = Release|Any CPU
	EndGlobalSection
	GlobalSection(ProjectConfigurationPlatforms) = postSolution
		{DB5FFF0F-A953-45BD-B703-72C1B5626A4F}.Debug|Any CPU.ActiveCfg = Debug|Any CPU
		{DB5FFF0F-A953-45BD-B703-72C1B5626A4F}.Debug|Any CPU.Build.0 = Debug|Any CPU
		{DB5FFF0F-A953-45BD-B703-72C1B5626A4F}.Release|Any CPU.ActiveCfg = Release|Any CPU
		{DB5FFF0F-A953-45BD-B703-72C1B5626A4F}.Release|Any CPU.Build.0 = Release|Any CPU
		{5429B0A1-5E2B-421B-9BAE-F8AF35ADE2E0}.Debug|Any CPU.ActiveCfg = Debug|Any CPU
		{5429B0A1-5E2B-421B-9BAE-F8AF35ADE2E0}.Debug|Any CPU.Build.0 = Debug|Any CPU
		{5429B0A1-5E2B-421B-9BAE-F8AF35ADE2E0}.Release|Any CPU.ActiveCfg = Release|Any CPU
		{5429B0A1-5E2B-421B-9BAE-F8AF35ADE2E0}.Release|Any CPU.Build.0 = Release|Any CPU
		{791522E4-11E6-4D4A-829F-8A6F33A30C5F}.Debug|Any CPU.ActiveCfg = Debug|Any CPU
		{791522E4-11E6-4D4A-829F-8A6F33A30C5F}.Debug|Any CPU.Build.0 = Debug|Any CPU
		{791522E4-11E6-4D4A-829F-8A6F33A30C5F}.Release|Any CPU.ActiveCfg = Release|Any CPU
		{791522E4-11E6-4D4A-829F-8A6F33A30C5F}.Release|Any CPU.Build.0 = Release|Any CPU
		{4D0A31D1-ABF2-476D-81C3-980145358AE0}.Debug|Any CPU.ActiveCfg = Debug|Any CPU
		{4D0A31D1-ABF2-476D-81C3-980145358AE0}.Debug|Any CPU.Build.0 = Debug|Any CPU
		{4D0A31D1-ABF2-476D-81C3-980145358AE0}.Release|Any CPU.ActiveCfg = Release|Any CPU
		{4D0A31D1-ABF2-476D-81C3-980145358AE0}.Release|Any CPU.Build.0 = Release|Any CPU
	EndGlobalSection
	GlobalSection(SolutionProperties) = preSolution
		HideSolutionNode = FALSE
	EndGlobalSection
	GlobalSection(ExtensibilityGlobals) = postSolution
		SolutionGuid = {8F5134C4-872A-4065-9CE9-3D981C78980B}
	EndGlobalSection
EndGlobal
